
Microsoft Visual Studio Solution File, Format Version 12.00
# Visual Studio Version 17
VisualStudioVersion = 17.14.36301.6 d17.14
MinimumVisualStudioVersion = 10.0.40219.1
Project("{FAE04EC0-301F-11D3-BF4B-00C04F79EFBC}") = "AuthenticationDemo", "AuthenticationDemo\AuthenticationDemo.csproj", "{C43B7801-A34F-4A12-99BF-DF52B87918BF}"
EndProject
Global
	GlobalSection(SolutionConfigurationPlatforms) = preSolution
		Debug|Any CPU = Debug|Any CPU
		Release|Any CPU = Release|Any CPU
	EndGlobalSection
	GlobalSection(ProjectConfigurationPlatforms) = postSolution
		{C43B7801-A34F-4A12-99BF-DF52B87918BF}.Debug|Any CPU.ActiveCfg = Debug|Any CPU
		{C43B7801-A34F-4A12-99BF-DF52B87918BF}.Debug|Any CPU.Build.0 = Debug|Any CPU
		{C43B7801-A34F-4A12-99BF-DF52B87918BF}.Release|Any CPU.ActiveCfg = Release|Any CPU
		{C43B7801-A34F-4A12-99BF-DF52B87918BF}.Release|Any CPU.Build.0 = Release|Any CPU
	EndGlobalSection
	GlobalSection(SolutionProperties) = preSolution
		HideSolutionNode = FALSE
	EndGlobalSection
	GlobalSection(ExtensibilityGlobals) = postSolution
		SolutionGuid = {4BA6A381-66C9-426C-BC14-ED904283EBBB}
	EndGlobalSection
EndGlobal
